
Microsoft Visual Studio Solution File, Format Version 12.00
# Visual Studio Version 17
VisualStudioVersion = 17.5.33516.290
MinimumVisualStudioVersion = 10.0.40219.1
Project("{9A19103F-16F7-4668-BE54-9A1E7A4F7556}") = "ai-cli", "src\ai\ai-cli.csproj", "{D79D76D8-4E60-46DC-80B6-D5039C5D67F8}"
EndProject
Project("{9A19103F-16F7-4668-BE54-9A1E7A4F7556}") = "common", "src\common\common.csproj", "{7639F510-D2CD-491A-BB25-C9D89F3A576A}"
EndProject
Project("{9A19103F-16F7-4668-BE54-9A1E7A4F7556}") = "helper_functions_extension", "src\extensions\helper_functions_extension\helper_functions_extension.csproj", "{272E0B1B-6C05-428E-BF64-E30B1E5F603A}"
EndProject
Project("{2150E333-8FDC-42A3-9474-1A3956D46DE8}") = "Extensions", "Extensions", "{644B75F1-C768-4DB3-BAF2-C69A1F36DD28}"
EndProject
Project("{9A19103F-16F7-4668-BE54-9A1E7A4F7556}") = "test_helper_functions_extension", "src\testing\samples\helper_functions_sample_project\test_helper_functions_extension.csproj", "{7BD6EF67-BA75-478D-9721-C1B2AB6DE3FF}"
EndProject
Project("{9A19103F-16F7-4668-BE54-9A1E7A4F7556}") = "template_extension", "src\extensions\template_extension\template_extension.csproj", "{023B4F9C-E2B3-4CCD-A993-87E337C16EDE}"
EndProject
Project("{9A19103F-16F7-4668-BE54-9A1E7A4F7556}") = "YamlTestAdapter", "src\testing\adapters\testadapter\YamlTestAdapter.csproj", "{7C3F1355-B679-487D-904D-7E5FEBA9E75C}"
EndProject
Project("{9A19103F-16F7-4668-BE54-9A1E7A4F7556}") = "YamlTestFramework", "src\extensions\testframework\YamlTestFramework.csproj", "{B0B3437F-1828-4A13-866F-1CF7C924015E}"
EndProject
Project("{9A19103F-16F7-4668-BE54-9A1E7A4F7556}") = "YamlTestRunner", "src\testing\runner\YamlTestRunner.csproj", "{39876475-2D98-40CF-8B08-CD423A5EB4E8}"
EndProject
Project("{2150E333-8FDC-42A3-9474-1A3956D46DE8}") = "Tests", "Tests", "{C8AFF891-D6AA-4B8F-BC21-10404DF4B355}"
EndProject
Project("{9A19103F-16F7-4668-BE54-9A1E7A4F7556}") = "RecordedYamlTestAdapter", "src\testing\adapters\recordingadapter\RecordedYamlTestAdapter.csproj", "{9499C018-FA08-4133-93B3-FC0F3863A6CC}"
EndProject
Project("{9A19103F-16F7-4668-BE54-9A1E7A4F7556}") = "speech-extension", "src\extensions\speech_extension\speech-extension.csproj", "{CED7C805-0435-4BF7-A42F-9F3BBF14A18F}"
EndProject
Global
	GlobalSection(SolutionConfigurationPlatforms) = preSolution
		Debug|Any CPU = Debug|Any CPU
		Debug|x64 = Debug|x64
		Debug|x86 = Debug|x86
		Release|Any CPU = Release|Any CPU
		Release|x64 = Release|x64
		Release|x86 = Release|x86
	EndGlobalSection
	GlobalSection(ProjectConfigurationPlatforms) = postSolution
		{D79D76D8-4E60-46DC-80B6-D5039C5D67F8}.Debug|Any CPU.ActiveCfg = Debug|Any CPU
		{D79D76D8-4E60-46DC-80B6-D5039C5D67F8}.Debug|Any CPU.Build.0 = Debug|Any CPU
		{D79D76D8-4E60-46DC-80B6-D5039C5D67F8}.Debug|x64.ActiveCfg = Debug|Any CPU
		{D79D76D8-4E60-46DC-80B6-D5039C5D67F8}.Debug|x64.Build.0 = Debug|Any CPU
		{D79D76D8-4E60-46DC-80B6-D5039C5D67F8}.Debug|x86.ActiveCfg = Debug|Any CPU
		{D79D76D8-4E60-46DC-80B6-D5039C5D67F8}.Debug|x86.Build.0 = Debug|Any CPU
		{D79D76D8-4E60-46DC-80B6-D5039C5D67F8}.Release|Any CPU.ActiveCfg = Release|Any CPU
		{D79D76D8-4E60-46DC-80B6-D5039C5D67F8}.Release|Any CPU.Build.0 = Release|Any CPU
		{D79D76D8-4E60-46DC-80B6-D5039C5D67F8}.Release|x64.ActiveCfg = Release|Any CPU
		{D79D76D8-4E60-46DC-80B6-D5039C5D67F8}.Release|x64.Build.0 = Release|Any CPU
		{D79D76D8-4E60-46DC-80B6-D5039C5D67F8}.Release|x86.ActiveCfg = Release|Any CPU
		{D79D76D8-4E60-46DC-80B6-D5039C5D67F8}.Release|x86.Build.0 = Release|Any CPU
		{7639F510-D2CD-491A-BB25-C9D89F3A576A}.Debug|Any CPU.ActiveCfg = Debug|Any CPU
		{7639F510-D2CD-491A-BB25-C9D89F3A576A}.Debug|Any CPU.Build.0 = Debug|Any CPU
		{7639F510-D2CD-491A-BB25-C9D89F3A576A}.Debug|x64.ActiveCfg = Debug|Any CPU
		{7639F510-D2CD-491A-BB25-C9D89F3A576A}.Debug|x64.Build.0 = Debug|Any CPU
		{7639F510-D2CD-491A-BB25-C9D89F3A576A}.Debug|x86.ActiveCfg = Debug|Any CPU
		{7639F510-D2CD-491A-BB25-C9D89F3A576A}.Debug|x86.Build.0 = Debug|Any CPU
		{7639F510-D2CD-491A-BB25-C9D89F3A576A}.Release|Any CPU.ActiveCfg = Release|Any CPU
		{7639F510-D2CD-491A-BB25-C9D89F3A576A}.Release|Any CPU.Build.0 = Release|Any CPU
		{7639F510-D2CD-491A-BB25-C9D89F3A576A}.Release|x64.ActiveCfg = Release|Any CPU
		{7639F510-D2CD-491A-BB25-C9D89F3A576A}.Release|x64.Build.0 = Release|Any CPU
		{7639F510-D2CD-491A-BB25-C9D89F3A576A}.Release|x86.ActiveCfg = Release|Any CPU
		{7639F510-D2CD-491A-BB25-C9D89F3A576A}.Release|x86.Build.0 = Release|Any CPU
		{272E0B1B-6C05-428E-BF64-E30B1E5F603A}.Debug|Any CPU.ActiveCfg = Debug|Any CPU
		{272E0B1B-6C05-428E-BF64-E30B1E5F603A}.Debug|Any CPU.Build.0 = Debug|Any CPU
		{272E0B1B-6C05-428E-BF64-E30B1E5F603A}.Debug|x64.ActiveCfg = Debug|Any CPU
		{272E0B1B-6C05-428E-BF64-E30B1E5F603A}.Debug|x64.Build.0 = Debug|Any CPU
		{272E0B1B-6C05-428E-BF64-E30B1E5F603A}.Debug|x86.ActiveCfg = Debug|Any CPU
		{272E0B1B-6C05-428E-BF64-E30B1E5F603A}.Debug|x86.Build.0 = Debug|Any CPU
		{272E0B1B-6C05-428E-BF64-E30B1E5F603A}.Release|Any CPU.ActiveCfg = Release|Any CPU
		{272E0B1B-6C05-428E-BF64-E30B1E5F603A}.Release|Any CPU.Build.0 = Release|Any CPU
		{272E0B1B-6C05-428E-BF64-E30B1E5F603A}.Release|x64.ActiveCfg = Release|Any CPU
		{272E0B1B-6C05-428E-BF64-E30B1E5F603A}.Release|x64.Build.0 = Release|Any CPU
		{272E0B1B-6C05-428E-BF64-E30B1E5F603A}.Release|x86.ActiveCfg = Release|Any CPU
		{272E0B1B-6C05-428E-BF64-E30B1E5F603A}.Release|x86.Build.0 = Release|Any CPU
		{7BD6EF67-BA75-478D-9721-C1B2AB6DE3FF}.Debug|Any CPU.ActiveCfg = Debug|Any CPU
		{7BD6EF67-BA75-478D-9721-C1B2AB6DE3FF}.Debug|Any CPU.Build.0 = Debug|Any CPU
		{7BD6EF67-BA75-478D-9721-C1B2AB6DE3FF}.Debug|x64.ActiveCfg = Debug|Any CPU
		{7BD6EF67-BA75-478D-9721-C1B2AB6DE3FF}.Debug|x64.Build.0 = Debug|Any CPU
		{7BD6EF67-BA75-478D-9721-C1B2AB6DE3FF}.Debug|x86.ActiveCfg = Debug|Any CPU
		{7BD6EF67-BA75-478D-9721-C1B2AB6DE3FF}.Debug|x86.Build.0 = Debug|Any CPU
		{7BD6EF67-BA75-478D-9721-C1B2AB6DE3FF}.Release|Any CPU.ActiveCfg = Release|Any CPU
		{7BD6EF67-BA75-478D-9721-C1B2AB6DE3FF}.Release|Any CPU.Build.0 = Release|Any CPU
		{7BD6EF67-BA75-478D-9721-C1B2AB6DE3FF}.Release|x64.ActiveCfg = Release|Any CPU
		{7BD6EF67-BA75-478D-9721-C1B2AB6DE3FF}.Release|x64.Build.0 = Release|Any CPU
		{7BD6EF67-BA75-478D-9721-C1B2AB6DE3FF}.Release|x86.ActiveCfg = Release|Any CPU
		{7BD6EF67-BA75-478D-9721-C1B2AB6DE3FF}.Release|x86.Build.0 = Release|Any CPU
		{023B4F9C-E2B3-4CCD-A993-87E337C16EDE}.Debug|Any CPU.ActiveCfg = Debug|Any CPU
		{023B4F9C-E2B3-4CCD-A993-87E337C16EDE}.Debug|Any CPU.Build.0 = Debug|Any CPU
		{023B4F9C-E2B3-4CCD-A993-87E337C16EDE}.Debug|x64.ActiveCfg = Debug|Any CPU
		{023B4F9C-E2B3-4CCD-A993-87E337C16EDE}.Debug|x64.Build.0 = Debug|Any CPU
		{023B4F9C-E2B3-4CCD-A993-87E337C16EDE}.Debug|x86.ActiveCfg = Debug|Any CPU
		{023B4F9C-E2B3-4CCD-A993-87E337C16EDE}.Debug|x86.Build.0 = Debug|Any CPU
		{023B4F9C-E2B3-4CCD-A993-87E337C16EDE}.Release|Any CPU.ActiveCfg = Release|Any CPU
		{023B4F9C-E2B3-4CCD-A993-87E337C16EDE}.Release|Any CPU.Build.0 = Release|Any CPU
		{023B4F9C-E2B3-4CCD-A993-87E337C16EDE}.Release|x64.ActiveCfg = Release|Any CPU
		{023B4F9C-E2B3-4CCD-A993-87E337C16EDE}.Release|x64.Build.0 = Release|Any CPU
		{023B4F9C-E2B3-4CCD-A993-87E337C16EDE}.Release|x86.ActiveCfg = Release|Any CPU
		{023B4F9C-E2B3-4CCD-A993-87E337C16EDE}.Release|x86.Build.0 = Release|Any CPU
		{7C3F1355-B679-487D-904D-7E5FEBA9E75C}.Debug|Any CPU.ActiveCfg = Debug|Any CPU
		{7C3F1355-B679-487D-904D-7E5FEBA9E75C}.Debug|Any CPU.Build.0 = Debug|Any CPU
		{7C3F1355-B679-487D-904D-7E5FEBA9E75C}.Debug|x64.ActiveCfg = Debug|Any CPU
		{7C3F1355-B679-487D-904D-7E5FEBA9E75C}.Debug|x64.Build.0 = Debug|Any CPU
		{7C3F1355-B679-487D-904D-7E5FEBA9E75C}.Debug|x86.ActiveCfg = Debug|Any CPU
		{7C3F1355-B679-487D-904D-7E5FEBA9E75C}.Debug|x86.Build.0 = Debug|Any CPU
		{7C3F1355-B679-487D-904D-7E5FEBA9E75C}.Release|Any CPU.ActiveCfg = Release|Any CPU
		{7C3F1355-B679-487D-904D-7E5FEBA9E75C}.Release|Any CPU.Build.0 = Release|Any CPU
		{7C3F1355-B679-487D-904D-7E5FEBA9E75C}.Release|x64.ActiveCfg = Release|Any CPU
		{7C3F1355-B679-487D-904D-7E5FEBA9E75C}.Release|x64.Build.0 = Release|Any CPU
		{7C3F1355-B679-487D-904D-7E5FEBA9E75C}.Release|x86.ActiveCfg = Release|Any CPU
		{7C3F1355-B679-487D-904D-7E5FEBA9E75C}.Release|x86.Build.0 = Release|Any CPU
		{B0B3437F-1828-4A13-866F-1CF7C924015E}.Debug|Any CPU.ActiveCfg = Debug|Any CPU
		{B0B3437F-1828-4A13-866F-1CF7C924015E}.Debug|Any CPU.Build.0 = Debug|Any CPU
		{B0B3437F-1828-4A13-866F-1CF7C924015E}.Debug|x64.ActiveCfg = Debug|Any CPU
		{B0B3437F-1828-4A13-866F-1CF7C924015E}.Debug|x64.Build.0 = Debug|Any CPU
		{B0B3437F-1828-4A13-866F-1CF7C924015E}.Debug|x86.ActiveCfg = Debug|Any CPU
		{B0B3437F-1828-4A13-866F-1CF7C924015E}.Debug|x86.Build.0 = Debug|Any CPU
		{B0B3437F-1828-4A13-866F-1CF7C924015E}.Release|Any CPU.ActiveCfg = Release|Any CPU
		{B0B3437F-1828-4A13-866F-1CF7C924015E}.Release|Any CPU.Build.0 = Release|Any CPU
		{B0B3437F-1828-4A13-866F-1CF7C924015E}.Release|x64.ActiveCfg = Release|Any CPU
		{B0B3437F-1828-4A13-866F-1CF7C924015E}.Release|x64.Build.0 = Release|Any CPU
		{B0B3437F-1828-4A13-866F-1CF7C924015E}.Release|x86.ActiveCfg = Release|Any CPU
		{B0B3437F-1828-4A13-866F-1CF7C924015E}.Release|x86.Build.0 = Release|Any CPU
		{39876475-2D98-40CF-8B08-CD423A5EB4E8}.Debug|Any CPU.ActiveCfg = Debug|Any CPU
		{39876475-2D98-40CF-8B08-CD423A5EB4E8}.Debug|Any CPU.Build.0 = Debug|Any CPU
		{39876475-2D98-40CF-8B08-CD423A5EB4E8}.Debug|x64.ActiveCfg = Debug|Any CPU
		{39876475-2D98-40CF-8B08-CD423A5EB4E8}.Debug|x64.Build.0 = Debug|Any CPU
		{39876475-2D98-40CF-8B08-CD423A5EB4E8}.Debug|x86.ActiveCfg = Debug|Any CPU
		{39876475-2D98-40CF-8B08-CD423A5EB4E8}.Debug|x86.Build.0 = Debug|Any CPU
		{39876475-2D98-40CF-8B08-CD423A5EB4E8}.Release|Any CPU.ActiveCfg = Release|Any CPU
		{39876475-2D98-40CF-8B08-CD423A5EB4E8}.Release|Any CPU.Build.0 = Release|Any CPU
		{39876475-2D98-40CF-8B08-CD423A5EB4E8}.Release|x64.ActiveCfg = Release|Any CPU
		{39876475-2D98-40CF-8B08-CD423A5EB4E8}.Release|x64.Build.0 = Release|Any CPU
		{39876475-2D98-40CF-8B08-CD423A5EB4E8}.Release|x86.ActiveCfg = Release|Any CPU
		{39876475-2D98-40CF-8B08-CD423A5EB4E8}.Release|x86.Build.0 = Release|Any CPU
		{9499C018-FA08-4133-93B3-FC0F3863A6CC}.Debug|Any CPU.ActiveCfg = Debug|Any CPU
		{9499C018-FA08-4133-93B3-FC0F3863A6CC}.Debug|Any CPU.Build.0 = Debug|Any CPU
		{9499C018-FA08-4133-93B3-FC0F3863A6CC}.Debug|x64.ActiveCfg = Debug|Any CPU
		{9499C018-FA08-4133-93B3-FC0F3863A6CC}.Debug|x64.Build.0 = Debug|Any CPU
		{9499C018-FA08-4133-93B3-FC0F3863A6CC}.Debug|x86.ActiveCfg = Debug|Any CPU
		{9499C018-FA08-4133-93B3-FC0F3863A6CC}.Debug|x86.Build.0 = Debug|Any CPU
		{9499C018-FA08-4133-93B3-FC0F3863A6CC}.Release|Any CPU.ActiveCfg = Release|Any CPU
		{9499C018-FA08-4133-93B3-FC0F3863A6CC}.Release|Any CPU.Build.0 = Release|Any CPU
		{9499C018-FA08-4133-93B3-FC0F3863A6CC}.Release|x64.ActiveCfg = Release|Any CPU
		{9499C018-FA08-4133-93B3-FC0F3863A6CC}.Release|x64.Build.0 = Release|Any CPU
		{9499C018-FA08-4133-93B3-FC0F3863A6CC}.Release|x86.ActiveCfg = Release|Any CPU
		{9499C018-FA08-4133-93B3-FC0F3863A6CC}.Release|x86.Build.0 = Release|Any CPU
		{CED7C805-0435-4BF7-A42F-9F3BBF14A18F}.Debug|Any CPU.ActiveCfg = Debug|Any CPU
		{CED7C805-0435-4BF7-A42F-9F3BBF14A18F}.Debug|Any CPU.Build.0 = Debug|Any CPU
		{CED7C805-0435-4BF7-A42F-9F3BBF14A18F}.Debug|x64.ActiveCfg = Debug|Any CPU
		{CED7C805-0435-4BF7-A42F-9F3BBF14A18F}.Debug|x64.Build.0 = Debug|Any CPU
		{CED7C805-0435-4BF7-A42F-9F3BBF14A18F}.Debug|x86.ActiveCfg = Debug|Any CPU
		{CED7C805-0435-4BF7-A42F-9F3BBF14A18F}.Debug|x86.Build.0 = Debug|Any CPU
		{CED7C805-0435-4BF7-A42F-9F3BBF14A18F}.Release|Any CPU.ActiveCfg = Release|Any CPU
		{CED7C805-0435-4BF7-A42F-9F3BBF14A18F}.Release|Any CPU.Build.0 = Release|Any CPU
		{CED7C805-0435-4BF7-A42F-9F3BBF14A18F}.Release|x64.ActiveCfg = Release|Any CPU
		{CED7C805-0435-4BF7-A42F-9F3BBF14A18F}.Release|x64.Build.0 = Release|Any CPU
		{CED7C805-0435-4BF7-A42F-9F3BBF14A18F}.Release|x86.ActiveCfg = Release|Any CPU
		{CED7C805-0435-4BF7-A42F-9F3BBF14A18F}.Release|x86.Build.0 = Release|Any CPU
	EndGlobalSection
	GlobalSection(SolutionProperties) = preSolution
		HideSolutionNode = FALSE
	EndGlobalSection
	GlobalSection(NestedProjects) = preSolution
		{272E0B1B-6C05-428E-BF64-E30B1E5F603A} = {644B75F1-C768-4DB3-BAF2-C69A1F36DD28}
		{7BD6EF67-BA75-478D-9721-C1B2AB6DE3FF} = {644B75F1-C768-4DB3-BAF2-C69A1F36DD28}
		{023B4F9C-E2B3-4CCD-A993-87E337C16EDE} = {644B75F1-C768-4DB3-BAF2-C69A1F36DD28}
		{7C3F1355-B679-487D-904D-7E5FEBA9E75C} = {C8AFF891-D6AA-4B8F-BC21-10404DF4B355}
		{B0B3437F-1828-4A13-866F-1CF7C924015E} = {C8AFF891-D6AA-4B8F-BC21-10404DF4B355}
		{39876475-2D98-40CF-8B08-CD423A5EB4E8} = {C8AFF891-D6AA-4B8F-BC21-10404DF4B355}
		{9499C018-FA08-4133-93B3-FC0F3863A6CC} = {C8AFF891-D6AA-4B8F-BC21-10404DF4B355}
		{CED7C805-0435-4BF7-A42F-9F3BBF14A18F} = {644B75F1-C768-4DB3-BAF2-C69A1F36DD28}
	EndGlobalSection
	GlobalSection(ExtensibilityGlobals) = postSolution
		SolutionGuid = {002655B1-E1E1-4F2A-8D53-C9CD55136AE2}
	EndGlobalSection
EndGlobal
