{
  "version": 1,
  "dependencies": {
    "net6.0": {
      "Azure.AI.Vision": {
        "type": "Direct",
        "requested": "[0.5.0, 0.5.0]",
        "resolved": "0.5.0",
        "contentHash": "Ykgam97I9uIkUP1Wk8/iSyqlwyKgUOTQ6+DG3R7TZSbK19c/GsfLmnEf6JOJH6bR41XLuZQ61cP/ABL8UMasng==",
        "dependencies": {
          "Azure.Identity": "1.5.0"
        }
      },
      "Newtonsoft.Json": {
        "type": "Direct",
        "requested": "[12.0.3, )",
        "resolved": "12.0.3",
        "contentHash": "6mgjfnRB4jKMlzHSl+VD+oUc1IebOZabkbyWj2RiTgWwYPPuaK1H97G1sHqGwPlS5npiF5Q0OrxN1wni2n5QWg=="
      },
      "System.Interactive.Async": {
        "type": "Direct",
        "requested": "[5.0.0, )",
        "resolved": "5.0.0",
        "contentHash": "QaqhQVDiULcu4vm6o89+iP329HcK44cETHOYgy/jfEjtzeFy0ZxmuM7nel9ocjnKxEM4yh1mli7hgh8Q9o+/Iw==",
        "dependencies": {
          "System.Linq.Async": "5.0.0"
        }
      },
      "Azure.Core": {
        "type": "Transitive",
        "resolved": "1.20.0",
        "contentHash": "q7xigZIBjLjSKJA/Y+VygmJ2iZGiEyNuicN5iRX9oJL7451SulZm/CQ7qd8YCeL5TgNCNYCIrTIqRaams95zHA==",
        "dependencies": {
          "Microsoft.Bcl.AsyncInterfaces": "1.0.0",
          "System.Diagnostics.DiagnosticSource": "4.6.0",
          "System.Memory.Data": "1.0.2",
          "System.Numerics.Vectors": "4.5.0",
          "System.Text.Encodings.Web": "4.7.2",
          "System.Text.Json": "4.6.0",
          "System.Threading.Tasks.Extensions": "4.5.4"
        }
      },
      "Azure.Identity": {
        "type": "Transitive",
        "resolved": "1.5.0",
        "contentHash": "VfF88dqrgKXZNOS/y4XrX/jmIfP3pkY+hBUzBNpoKml1nR+QshX6XlXWyToLtWV80TDQ1CmUVCJksktDg5+j1w==",
        "dependencies": {
          "Azure.Core": "1.20.0",
          "Microsoft.Identity.Client": "4.30.1",
          "Microsoft.Identity.Client.Extensions.Msal": "2.18.4",
          "System.Memory": "4.5.4",
          "System.Security.Cryptography.ProtectedData": "4.5.0",
          "System.Text.Json": "4.6.0",
          "System.Threading.Tasks.Extensions": "4.5.4"
        }
      },
      "Microsoft.Bcl.AsyncInterfaces": {
        "type": "Transitive",
        "resolved": "1.0.0",
        "contentHash": "K63Y4hORbBcKLWH5wnKgzyn7TOfYzevIEwIedQHBIkmkEBA9SCqgvom+XTuE+fAFGvINGkhFItaZ2dvMGdT5iw=="
      },
      "Microsoft.Identity.Client": {
        "type": "Transitive",
        "resolved": "4.30.1",
        "contentHash": "xk8tJeGfB2yD3+d7a0DXyV7/HYyEG10IofUHYHoPYKmDbroi/j9t1BqSHgbq1nARDjg7m8Ki6e21AyNU7e/R4Q=="
      },
      "Microsoft.Identity.Client.Extensions.Msal": {
        "type": "Transitive",
        "resolved": "2.18.4",
        "contentHash": "HpG4oLwhQsy0ce7OWq9iDdLtJKOvKRStIKoSEOeBMKuohfuOWNDyhg8fMAJkpG/kFeoe4J329fiMHcJmmB+FPw==",
        "dependencies": {
          "Microsoft.Identity.Client": "4.30.0",
          "System.Security.Cryptography.ProtectedData": "4.5.0"
        }
      },
      "System.Diagnostics.DiagnosticSource": {
        "type": "Transitive",
        "resolved": "4.6.0",
        "contentHash": "mbBgoR0rRfl2uimsZ2avZY8g7Xnh1Mza0rJZLPcxqiMWlkGukjmRkuMJ/er+AhQuiRIh80CR/Hpeztr80seV5g=="
      },
      "System.Linq.Async": {
        "type": "Transitive",
        "resolved": "5.0.0",
        "contentHash": "cPtIuuH8TIjVHSi2ewwReWGW1PfChPE0LxPIDlfwVcLuTM9GANFTXiMB7k3aC4sk3f0cQU25LNKzx+jZMxijqw=="
      },
      "System.Memory": {
        "type": "Transitive",
        "resolved": "4.5.4",
        "contentHash": "1MbJTHS1lZ4bS4FmsJjnuGJOu88ZzTT2rLvrhW7Ygic+pC0NWA+3hgAen0HRdsocuQXCkUTdFn9yHJJhsijDXw=="
      },
      "System.Memory.Data": {
        "type": "Transitive",
        "resolved": "1.0.2",
        "contentHash": "JGkzeqgBsiZwKJZ1IxPNsDFZDhUvuEdX8L8BDC8N3KOj+6zMcNU28CNN59TpZE/VJYy9cP+5M+sbxtWJx3/xtw==",
        "dependencies": {
          "System.Text.Encodings.Web": "4.7.2",
          "System.Text.Json": "4.6.0"
        }
      },
      "System.Numerics.Vectors": {
        "type": "Transitive",
        "resolved": "4.5.0",
        "contentHash": "QQTlPTl06J/iiDbJCiepZ4H//BVraReU4O4EoRw1U02H5TLUIT7xn3GnDp9AXPSlJUDyFs4uWjWafNX6WrAojQ=="
      },
      "System.Security.Cryptography.ProtectedData": {
        "type": "Transitive",
        "resolved": "4.5.0",
        "contentHash": "wLBKzFnDCxP12VL9ANydSYhk59fC4cvOr9ypYQLPnAj48NQIhqnjdD2yhP8yEKyBJEjERWS9DisKL7rX5eU25Q=="
      },
      "System.Text.Encodings.Web": {
        "type": "Transitive",
        "resolved": "4.7.2",
        "contentHash": "iTUgB/WtrZ1sWZs84F2hwyQhiRH6QNjQv2DkwrH+WP6RoFga2Q1m3f9/Q7FG8cck8AdHitQkmkXSY8qylcDmuA=="
      },
      "System.Text.Json": {
        "type": "Transitive",
        "resolved": "4.6.0",
        "contentHash": "4F8Xe+JIkVoDJ8hDAZ7HqLkjctN/6WItJIzQaifBwClC7wmoLSda/Sv2i6i1kycqDb3hWF4JCVbpAweyOKHEUA=="
      },
      "System.Threading.Tasks.Extensions": {
        "type": "Transitive",
        "resolved": "4.5.4",
        "contentHash": "zteT+G8xuGu6mS+mzDzYXbzS7rd3K6Fjb9RiZlYlJPam2/hU7JCBZBVEcywNuR+oZ1ncTvc/cq0faRr3P01OVg=="
      }
    },
    "net6.0/linux-x64": {
      "Azure.AI.Vision": {
        "type": "Direct",
        "requested": "[0.5.0, 0.5.0]",
        "resolved": "0.5.0",
        "contentHash": "Ykgam97I9uIkUP1Wk8/iSyqlwyKgUOTQ6+DG3R7TZSbK19c/GsfLmnEf6JOJH6bR41XLuZQ61cP/ABL8UMasng==",
        "dependencies": {
          "Azure.Identity": "1.5.0"
        }
      },
      "System.Security.Cryptography.ProtectedData": {
        "type": "Transitive",
        "resolved": "4.5.0",
        "contentHash": "wLBKzFnDCxP12VL9ANydSYhk59fC4cvOr9ypYQLPnAj48NQIhqnjdD2yhP8yEKyBJEjERWS9DisKL7rX5eU25Q=="
      }
    },
    "net6.0/win-x64": {
      "Azure.AI.Vision": {
        "type": "Direct",
        "requested": "[0.5.0, 0.5.0]",
        "resolved": "0.5.0",
        "contentHash": "Ykgam97I9uIkUP1Wk8/iSyqlwyKgUOTQ6+DG3R7TZSbK19c/GsfLmnEf6JOJH6bR41XLuZQ61cP/ABL8UMasng==",
        "dependencies": {
          "Azure.Identity": "1.5.0"
        }
      },
      "System.Security.Cryptography.ProtectedData": {
        "type": "Transitive",
        "resolved": "4.5.0",
        "contentHash": "wLBKzFnDCxP12VL9ANydSYhk59fC4cvOr9ypYQLPnAj48NQIhqnjdD2yhP8yEKyBJEjERWS9DisKL7rX5eU25Q=="
      }
    }
  }
}